{
  "object": {
    "pins": [
      {
        "package": "MorphingLabel",
        "repositoryURL": "https://github.com/lexrus/LTMorphingLabel",
        "state": {
          "branch": null,
          "revision": "cbde73b207ac5cfcde289a09685ad0e62b75dc04",
          "version": "0.9.3"
        }
      }
    ]
  },
  "version": 1
}
